// !$*UTF8*$!
{
	archiveVersion = 1;
	classes = {
	};
	objectVersion = 50;
	objects = {

/* Begin PBXBuildFile section */
		290DE3D82647F9E30040FCAA /* AfricaApp.swift in Sources */ = {isa = PBXBuildFile; fileRef = 290DE3D72647F9E30040FCAA /* AfricaApp.swift */; };
		290DE3DA2647F9E30040FCAA /* ContentView.swift in Sources */ = {isa = PBXBuildFile; fileRef = 290DE3D92647F9E30040FCAA /* ContentView.swift */; };
		290DE3DC2647F9E50040FCAA /* Assets.xcassets in Resources */ = {isa = PBXBuildFile; fileRef = 290DE3DB2647F9E50040FCAA /* Assets.xcassets */; };
		290DE3DF2647F9E50040FCAA /* Preview Assets.xcassets in Resources */ = {isa = PBXBuildFile; fileRef = 290DE3DE2647F9E50040FCAA /* Preview Assets.xcassets */; };
		290DE3EA2647F9E50040FCAA /* AfricaTests.swift in Sources */ = {isa = PBXBuildFile; fileRef = 290DE3E92647F9E50040FCAA /* AfricaTests.swift */; };
		290DE3F52647F9E50040FCAA /* AfricaUITests.swift in Sources */ = {isa = PBXBuildFile; fileRef = 290DE3F42647F9E50040FCAA /* AfricaUITests.swift */; };
		290DE4112647FBF40040FCAA /* lioness.mp4 in Resources */ = {isa = PBXBuildFile; fileRef = 290DE4072647FBF20040FCAA /* lioness.mp4 */; };
		290DE4122647FBF40040FCAA /* lion.mp4 in Resources */ = {isa = PBXBuildFile; fileRef = 290DE4082647FBF20040FCAA /* lion.mp4 */; };
		290DE4132647FBF40040FCAA /* zebra.mp4 in Resources */ = {isa = PBXBuildFile; fileRef = 290DE4092647FBF20040FCAA /* zebra.mp4 */; };
		290DE4142647FBF40040FCAA /* cheetah.mp4 in Resources */ = {isa = PBXBuildFile; fileRef = 290DE40A2647FBF20040FCAA /* cheetah.mp4 */; };
		290DE4152647FBF40040FCAA /* elephant.mp4 in Resources */ = {isa = PBXBuildFile; fileRef = 290DE40B2647FBF30040FCAA /* elephant.mp4 */; };
		290DE4162647FBF40040FCAA /* gorilla.mp4 in Resources */ = {isa = PBXBuildFile; fileRef = 290DE40C2647FBF30040FCAA /* gorilla.mp4 */; };
		290DE4172647FBF40040FCAA /* giraffe.mp4 in Resources */ = {isa = PBXBuildFile; fileRef = 290DE40D2647FBF30040FCAA /* giraffe.mp4 */; };
		290DE4182647FBF40040FCAA /* ostrich.mp4 in Resources */ = {isa = PBXBuildFile; fileRef = 290DE40E2647FBF40040FCAA /* ostrich.mp4 */; };
		290DE4192647FBF40040FCAA /* rhino.mp4 in Resources */ = {isa = PBXBuildFile; fileRef = 290DE40F2647FBF40040FCAA /* rhino.mp4 */; };
		290DE41A2647FBF40040FCAA /* hippo.mp4 in Resources */ = {isa = PBXBuildFile; fileRef = 290DE4102647FBF40040FCAA /* hippo.mp4 */; };
		290DE4222647FC0A0040FCAA /* locations.json in Resources */ = {isa = PBXBuildFile; fileRef = 290DE41E2647FC090040FCAA /* locations.json */; };
		290DE4232647FC0A0040FCAA /* videos.json in Resources */ = {isa = PBXBuildFile; fileRef = 290DE41F2647FC090040FCAA /* videos.json */; };
		290DE4242647FC0A0040FCAA /* covers.json in Resources */ = {isa = PBXBuildFile; fileRef = 290DE4202647FC0A0040FCAA /* covers.json */; };
		290DE4252647FC0A0040FCAA /* animals.json in Resources */ = {isa = PBXBuildFile; fileRef = 290DE4212647FC0A0040FCAA /* animals.json */; };
		290DE4322647FF880040FCAA /* VideoListView.swift in Sources */ = {isa = PBXBuildFile; fileRef = 290DE4312647FF880040FCAA /* VideoListView.swift */; };
		290DE4372647FF9F0040FCAA /* GalleryView.swift in Sources */ = {isa = PBXBuildFile; fileRef = 290DE4362647FF9F0040FCAA /* GalleryView.swift */; };
		290DE43C2647FFB60040FCAA /* MapView.swift in Sources */ = {isa = PBXBuildFile; fileRef = 290DE43B2647FFB60040FCAA /* MapView.swift */; };
		290DE4412647FFD20040FCAA /* MainView.swift in Sources */ = {isa = PBXBuildFile; fileRef = 290DE4402647FFD20040FCAA /* MainView.swift */; };
		2916A786264946B4000CD527 /* AnimalListView.swift in Sources */ = {isa = PBXBuildFile; fileRef = 2916A785264946B4000CD527 /* AnimalListView.swift */; };
		2916A78B26494926000CD527 /* AnimalModel.swift in Sources */ = {isa = PBXBuildFile; fileRef = 2916A78A26494926000CD527 /* AnimalModel.swift */; };
		2941AAC2264852200012BCD2 /* CoverImageView.swift in Sources */ = {isa = PBXBuildFile; fileRef = 2941AAC1264852200012BCD2 /* CoverImageView.swift */; };
		2941AAC8264855180012BCD2 /* CoverImageModel.swift in Sources */ = {isa = PBXBuildFile; fileRef = 2941AAC7264855180012BCD2 /* CoverImageModel.swift */; };
		2941AACE264856FE0012BCD2 /* CodableBundleExtension.swift in Sources */ = {isa = PBXBuildFile; fileRef = 2941AACD264856FE0012BCD2 /* CodableBundleExtension.swift */; };
		29F51B792649A99100599B90 /* AnimalDetailView.swift in Sources */ = {isa = PBXBuildFile; fileRef = 29F51B782649A99100599B90 /* AnimalDetailView.swift */; };
		29F51B7E2649ADDB00599B90 /* HeadingView.swift in Sources */ = {isa = PBXBuildFile; fileRef = 29F51B7D2649ADDB00599B90 /* HeadingView.swift */; };
		29F51B832649B01700599B90 /* InsetGalleryView.swift in Sources */ = {isa = PBXBuildFile; fileRef = 29F51B822649B01700599B90 /* InsetGalleryView.swift */; };
/* End PBXBuildFile section */

/* Begin PBXContainerItemProxy section */
		290DE3E62647F9E50040FCAA /* PBXContainerItemProxy */ = {
			isa = PBXContainerItemProxy;
			containerPortal = 290DE3CC2647F9E30040FCAA /* Project object */;
			proxyType = 1;
			remoteGlobalIDString = 290DE3D32647F9E30040FCAA;
			remoteInfo = Africa;
		};
		290DE3F12647F9E50040FCAA /* PBXContainerItemProxy */ = {
			isa = PBXContainerItemProxy;
			containerPortal = 290DE3CC2647F9E30040FCAA /* Project object */;
			proxyType = 1;
			remoteGlobalIDString = 290DE3D32647F9E30040FCAA;
			remoteInfo = Africa;
		};
/* End PBXContainerItemProxy section */

/* Begin PBXFileReference section */
		290DE3D42647F9E30040FCAA /* Africa.app */ = {isa = PBXFileReference; explicitFileType = wrapper.application; includeInIndex = 0; path = Africa.app; sourceTree = BUILT_PRODUCTS_DIR; };
		290DE3D72647F9E30040FCAA /* AfricaApp.swift */ = {isa = PBXFileReference; lastKnownFileType = sourcecode.swift; path = AfricaApp.swift; sourceTree = "<group>"; };
		290DE3D92647F9E30040FCAA /* ContentView.swift */ = {isa = PBXFileReference; lastKnownFileType = sourcecode.swift; path = ContentView.swift; sourceTree = "<group>"; };
		290DE3DB2647F9E50040FCAA /* Assets.xcassets */ = {isa = PBXFileReference; lastKnownFileType = folder.assetcatalog; path = Assets.xcassets; sourceTree = "<group>"; };
		290DE3DE2647F9E50040FCAA /* Preview Assets.xcassets */ = {isa = PBXFileReference; lastKnownFileType = folder.assetcatalog; path = "Preview Assets.xcassets"; sourceTree = "<group>"; };
		290DE3E02647F9E50040FCAA /* Info.plist */ = {isa = PBXFileReference; lastKnownFileType = text.plist.xml; path = Info.plist; sourceTree = "<group>"; };
		290DE3E52647F9E50040FCAA /* AfricaTests.xctest */ = {isa = PBXFileReference; explicitFileType = wrapper.cfbundle; includeInIndex = 0; path = AfricaTests.xctest; sourceTree = BUILT_PRODUCTS_DIR; };
		290DE3E92647F9E50040FCAA /* AfricaTests.swift */ = {isa = PBXFileReference; lastKnownFileType = sourcecode.swift; path = AfricaTests.swift; sourceTree = "<group>"; };
		290DE3EB2647F9E50040FCAA /* Info.plist */ = {isa = PBXFileReference; lastKnownFileType = text.plist.xml; path = Info.plist; sourceTree = "<group>"; };
		290DE3F02647F9E50040FCAA /* AfricaUITests.xctest */ = {isa = PBXFileReference; explicitFileType = wrapper.cfbundle; includeInIndex = 0; path = AfricaUITests.xctest; sourceTree = BUILT_PRODUCTS_DIR; };
		290DE3F42647F9E50040FCAA /* AfricaUITests.swift */ = {isa = PBXFileReference; lastKnownFileType = sourcecode.swift; path = AfricaUITests.swift; sourceTree = "<group>"; };
		290DE3F62647F9E50040FCAA /* Info.plist */ = {isa = PBXFileReference; lastKnownFileType = text.plist.xml; path = Info.plist; sourceTree = "<group>"; };
		290DE4072647FBF20040FCAA /* lioness.mp4 */ = {isa = PBXFileReference; lastKnownFileType = file; path = lioness.mp4; sourceTree = "<group>"; };
		290DE4082647FBF20040FCAA /* lion.mp4 */ = {isa = PBXFileReference; lastKnownFileType = file; path = lion.mp4; sourceTree = "<group>"; };
		290DE4092647FBF20040FCAA /* zebra.mp4 */ = {isa = PBXFileReference; lastKnownFileType = file; path = zebra.mp4; sourceTree = "<group>"; };
		290DE40A2647FBF20040FCAA /* cheetah.mp4 */ = {isa = PBXFileReference; lastKnownFileType = file; path = cheetah.mp4; sourceTree = "<group>"; };
		290DE40B2647FBF30040FCAA /* elephant.mp4 */ = {isa = PBXFileReference; lastKnownFileType = file; path = elephant.mp4; sourceTree = "<group>"; };
		290DE40C2647FBF30040FCAA /* gorilla.mp4 */ = {isa = PBXFileReference; lastKnownFileType = file; path = gorilla.mp4; sourceTree = "<group>"; };
		290DE40D2647FBF30040FCAA /* giraffe.mp4 */ = {isa = PBXFileReference; lastKnownFileType = file; path = giraffe.mp4; sourceTree = "<group>"; };
		290DE40E2647FBF40040FCAA /* ostrich.mp4 */ = {isa = PBXFileReference; lastKnownFileType = file; path = ostrich.mp4; sourceTree = "<group>"; };
		290DE40F2647FBF40040FCAA /* rhino.mp4 */ = {isa = PBXFileReference; lastKnownFileType = file; path = rhino.mp4; sourceTree = "<group>"; };
		290DE4102647FBF40040FCAA /* hippo.mp4 */ = {isa = PBXFileReference; lastKnownFileType = file; path = hippo.mp4; sourceTree = "<group>"; };
		290DE41E2647FC090040FCAA /* locations.json */ = {isa = PBXFileReference; fileEncoding = 4; lastKnownFileType = text.json; path = locations.json; sourceTree = "<group>"; };
		290DE41F2647FC090040FCAA /* videos.json */ = {isa = PBXFileReference; fileEncoding = 4; lastKnownFileType = text.json; path = videos.json; sourceTree = "<group>"; };
		290DE4202647FC0A0040FCAA /* covers.json */ = {isa = PBXFileReference; fileEncoding = 4; lastKnownFileType = text.json; path = covers.json; sourceTree = "<group>"; };
		290DE4212647FC0A0040FCAA /* animals.json */ = {isa = PBXFileReference; fileEncoding = 4; lastKnownFileType = text.json; path = animals.json; sourceTree = "<group>"; };
		290DE4312647FF880040FCAA /* VideoListView.swift */ = {isa = PBXFileReference; lastKnownFileType = sourcecode.swift; path = VideoListView.swift; sourceTree = "<group>"; };
		290DE4362647FF9F0040FCAA /* GalleryView.swift */ = {isa = PBXFileReference; lastKnownFileType = sourcecode.swift; path = GalleryView.swift; sourceTree = "<group>"; };
		290DE43B2647FFB60040FCAA /* MapView.swift */ = {isa = PBXFileReference; lastKnownFileType = sourcecode.swift; path = MapView.swift; sourceTree = "<group>"; };
		290DE4402647FFD20040FCAA /* MainView.swift */ = {isa = PBXFileReference; lastKnownFileType = sourcecode.swift; path = MainView.swift; sourceTree = "<group>"; };
		2916A785264946B4000CD527 /* AnimalListView.swift */ = {isa = PBXFileReference; lastKnownFileType = sourcecode.swift; path = AnimalListView.swift; sourceTree = "<group>"; };
		2916A78A26494926000CD527 /* AnimalModel.swift */ = {isa = PBXFileReference; lastKnownFileType = sourcecode.swift; path = AnimalModel.swift; sourceTree = "<group>"; };
		2941AAC1264852200012BCD2 /* CoverImageView.swift */ = {isa = PBXFileReference; lastKnownFileType = sourcecode.swift; path = CoverImageView.swift; sourceTree = "<group>"; };
		2941AAC7264855180012BCD2 /* CoverImageModel.swift */ = {isa = PBXFileReference; lastKnownFileType = sourcecode.swift; path = CoverImageModel.swift; sourceTree = "<group>"; };
		2941AACD264856FE0012BCD2 /* CodableBundleExtension.swift */ = {isa = PBXFileReference; lastKnownFileType = sourcecode.swift; path = CodableBundleExtension.swift; sourceTree = "<group>"; };
		29F51B782649A99100599B90 /* AnimalDetailView.swift */ = {isa = PBXFileReference; lastKnownFileType = sourcecode.swift; path = AnimalDetailView.swift; sourceTree = "<group>"; };
		29F51B7D2649ADDB00599B90 /* HeadingView.swift */ = {isa = PBXFileReference; lastKnownFileType = sourcecode.swift; path = HeadingView.swift; sourceTree = "<group>"; };
		29F51B822649B01700599B90 /* InsetGalleryView.swift */ = {isa = PBXFileReference; lastKnownFileType = sourcecode.swift; path = InsetGalleryView.swift; sourceTree = "<group>"; };
/* End PBXFileReference section */

/* Begin PBXFrameworksBuildPhase section */
		290DE3D12647F9E30040FCAA /* Frameworks */ = {
			isa = PBXFrameworksBuildPhase;
			buildActionMask = 2147483647;
			files = (
			);
			runOnlyForDeploymentPostprocessing = 0;
		};
		290DE3E22647F9E50040FCAA /* Frameworks */ = {
			isa = PBXFrameworksBuildPhase;
			buildActionMask = 2147483647;
			files = (
			);
			runOnlyForDeploymentPostprocessing = 0;
		};
		290DE3ED2647F9E50040FCAA /* Frameworks */ = {
			isa = PBXFrameworksBuildPhase;
			buildActionMask = 2147483647;
			files = (
			);
			runOnlyForDeploymentPostprocessing = 0;
		};
/* End PBXFrameworksBuildPhase section */

/* Begin PBXGroup section */
		290DE3CB2647F9E30040FCAA = {
			isa = PBXGroup;
			children = (
				2941AACC264856E80012BCD2 /* Extension */,
				2941AAC6264855070012BCD2 /* Model */,
				2941AAC02648520C0012BCD2 /* View */,
				290DE4062647FBD90040FCAA /* Data */,
				290DE4052647FBD40040FCAA /* Video */,
				290DE3D62647F9E30040FCAA /* Africa */,
				290DE3E82647F9E50040FCAA /* AfricaTests */,
				290DE3F32647F9E50040FCAA /* AfricaUITests */,
				290DE3D52647F9E30040FCAA /* Products */,
			);
			sourceTree = "<group>";
		};
		290DE3D52647F9E30040FCAA /* Products */ = {
			isa = PBXGroup;
			children = (
				290DE3D42647F9E30040FCAA /* Africa.app */,
				290DE3E52647F9E50040FCAA /* AfricaTests.xctest */,
				290DE3F02647F9E50040FCAA /* AfricaUITests.xctest */,
			);
			name = Products;
			sourceTree = "<group>";
		};
		290DE3D62647F9E30040FCAA /* Africa */ = {
			isa = PBXGroup;
			children = (
				290DE42D2647FF260040FCAA /* App */,
				290DE3DB2647F9E50040FCAA /* Assets.xcassets */,
				290DE3E02647F9E50040FCAA /* Info.plist */,
				290DE3DD2647F9E50040FCAA /* Preview Content */,
			);
			path = Africa;
			sourceTree = "<group>";
		};
		290DE3DD2647F9E50040FCAA /* Preview Content */ = {
			isa = PBXGroup;
			children = (
				290DE3DE2647F9E50040FCAA /* Preview Assets.xcassets */,
			);
			path = "Preview Content";
			sourceTree = "<group>";
		};
		290DE3E82647F9E50040FCAA /* AfricaTests */ = {
			isa = PBXGroup;
			children = (
				290DE3E92647F9E50040FCAA /* AfricaTests.swift */,
				290DE3EB2647F9E50040FCAA /* Info.plist */,
			);
			path = AfricaTests;
			sourceTree = "<group>";
		};
		290DE3F32647F9E50040FCAA /* AfricaUITests */ = {
			isa = PBXGroup;
			children = (
				290DE3F42647F9E50040FCAA /* AfricaUITests.swift */,
				290DE3F62647F9E50040FCAA /* Info.plist */,
			);
			path = AfricaUITests;
			sourceTree = "<group>";
		};
		290DE4052647FBD40040FCAA /* Video */ = {
			isa = PBXGroup;
			children = (
				290DE40A2647FBF20040FCAA /* cheetah.mp4 */,
				290DE40B2647FBF30040FCAA /* elephant.mp4 */,
				290DE40D2647FBF30040FCAA /* giraffe.mp4 */,
				290DE40C2647FBF30040FCAA /* gorilla.mp4 */,
				290DE4102647FBF40040FCAA /* hippo.mp4 */,
				290DE4082647FBF20040FCAA /* lion.mp4 */,
				290DE4072647FBF20040FCAA /* lioness.mp4 */,
				290DE40E2647FBF40040FCAA /* ostrich.mp4 */,
				290DE40F2647FBF40040FCAA /* rhino.mp4 */,
				290DE4092647FBF20040FCAA /* zebra.mp4 */,
			);
			path = Video;
			sourceTree = "<group>";
		};
		290DE4062647FBD90040FCAA /* Data */ = {
			isa = PBXGroup;
			children = (
				290DE4212647FC0A0040FCAA /* animals.json */,
				290DE4202647FC0A0040FCAA /* covers.json */,
				290DE41E2647FC090040FCAA /* locations.json */,
				290DE41F2647FC090040FCAA /* videos.json */,
			);
			path = Data;
			sourceTree = "<group>";
		};
		290DE42D2647FF260040FCAA /* App */ = {
			isa = PBXGroup;
			children = (
				290DE3D72647F9E30040FCAA /* AfricaApp.swift */,
				290DE3D92647F9E30040FCAA /* ContentView.swift */,
				290DE4312647FF880040FCAA /* VideoListView.swift */,
				290DE4362647FF9F0040FCAA /* GalleryView.swift */,
				290DE43B2647FFB60040FCAA /* MapView.swift */,
				290DE4402647FFD20040FCAA /* MainView.swift */,
			);
			path = App;
			sourceTree = "<group>";
		};
		2941AAC02648520C0012BCD2 /* View */ = {
			isa = PBXGroup;
			children = (
				2941AAC1264852200012BCD2 /* CoverImageView.swift */,
				2916A785264946B4000CD527 /* AnimalListView.swift */,
				29F51B782649A99100599B90 /* AnimalDetailView.swift */,
				29F51B7D2649ADDB00599B90 /* HeadingView.swift */,
				29F51B822649B01700599B90 /* InsetGalleryView.swift */,
			);
			path = View;
			sourceTree = "<group>";
		};
		2941AAC6264855070012BCD2 /* Model */ = {
			isa = PBXGroup;
			children = (
				2941AAC7264855180012BCD2 /* CoverImageModel.swift */,
				2916A78A26494926000CD527 /* AnimalModel.swift */,
			);
			path = Model;
			sourceTree = "<group>";
		};
		2941AACC264856E80012BCD2 /* Extension */ = {
			isa = PBXGroup;
			children = (
				2941AACD264856FE0012BCD2 /* CodableBundleExtension.swift */,
			);
			path = Extension;
			sourceTree = "<group>";
		};
/* End PBXGroup section */

/* Begin PBXNativeTarget section */
		290DE3D32647F9E30040FCAA /* Africa */ = {
			isa = PBXNativeTarget;
			buildConfigurationList = 290DE3F92647F9E50040FCAA /* Build configuration list for PBXNativeTarget "Africa" */;
			buildPhases = (
				290DE3D02647F9E30040FCAA /* Sources */,
				290DE3D12647F9E30040FCAA /* Frameworks */,
				290DE3D22647F9E30040FCAA /* Resources */,
			);
			buildRules = (
			);
			dependencies = (
			);
			name = Africa;
			productName = Africa;
			productReference = 290DE3D42647F9E30040FCAA /* Africa.app */;
			productType = "com.apple.product-type.application";
		};
		290DE3E42647F9E50040FCAA /* AfricaTests */ = {
			isa = PBXNativeTarget;
			buildConfigurationList = 290DE3FC2647F9E50040FCAA /* Build configuration list for PBXNativeTarget "AfricaTests" */;
			buildPhases = (
				290DE3E12647F9E50040FCAA /* Sources */,
				290DE3E22647F9E50040FCAA /* Frameworks */,
				290DE3E32647F9E50040FCAA /* Resources */,
			);
			buildRules = (
			);
			dependencies = (
				290DE3E72647F9E50040FCAA /* PBXTargetDependency */,
			);
			name = AfricaTests;
			productName = AfricaTests;
			productReference = 290DE3E52647F9E50040FCAA /* AfricaTests.xctest */;
			productType = "com.apple.product-type.bundle.unit-test";
		};
		290DE3EF2647F9E50040FCAA /* AfricaUITests */ = {
			isa = PBXNativeTarget;
			buildConfigurationList = 290DE3FF2647F9E50040FCAA /* Build configuration list for PBXNativeTarget "AfricaUITests" */;
			buildPhases = (
				290DE3EC2647F9E50040FCAA /* Sources */,
				290DE3ED2647F9E50040FCAA /* Frameworks */,
				290DE3EE2647F9E50040FCAA /* Resources */,
			);
			buildRules = (
			);
			dependencies = (
				290DE3F22647F9E50040FCAA /* PBXTargetDependency */,
			);
			name = AfricaUITests;
			productName = AfricaUITests;
			productReference = 290DE3F02647F9E50040FCAA /* AfricaUITests.xctest */;
			productType = "com.apple.product-type.bundle.ui-testing";
		};
/* End PBXNativeTarget section */

/* Begin PBXProject section */
		290DE3CC2647F9E30040FCAA /* Project object */ = {
			isa = PBXProject;
			attributes = {
				LastSwiftUpdateCheck = 1240;
				LastUpgradeCheck = 1240;
				TargetAttributes = {
					290DE3D32647F9E30040FCAA = {
						CreatedOnToolsVersion = 12.4;
					};
					290DE3E42647F9E50040FCAA = {
						CreatedOnToolsVersion = 12.4;
						TestTargetID = 290DE3D32647F9E30040FCAA;
					};
					290DE3EF2647F9E50040FCAA = {
						CreatedOnToolsVersion = 12.4;
						TestTargetID = 290DE3D32647F9E30040FCAA;
					};
				};
			};
			buildConfigurationList = 290DE3CF2647F9E30040FCAA /* Build configuration list for PBXProject "Africa" */;
			compatibilityVersion = "Xcode 9.3";
			developmentRegion = en;
			hasScannedForEncodings = 0;
			knownRegions = (
				en,
				Base,
			);
			mainGroup = 290DE3CB2647F9E30040FCAA;
			productRefGroup = 290DE3D52647F9E30040FCAA /* Products */;
			projectDirPath = "";
			projectRoot = "";
			targets = (
				290DE3D32647F9E30040FCAA /* Africa */,
				290DE3E42647F9E50040FCAA /* AfricaTests */,
				290DE3EF2647F9E50040FCAA /* AfricaUITests */,
			);
		};
/* End PBXProject section */

/* Begin PBXResourcesBuildPhase section */
		290DE3D22647F9E30040FCAA /* Resources */ = {
			isa = PBXResourcesBuildPhase;
			buildActionMask = 2147483647;
			files = (
				290DE4222647FC0A0040FCAA /* locations.json in Resources */,
				290DE3DF2647F9E50040FCAA /* Preview Assets.xcassets in Resources */,
				290DE4132647FBF40040FCAA /* zebra.mp4 in Resources */,
				290DE4232647FC0A0040FCAA /* videos.json in Resources */,
				290DE4142647FBF40040FCAA /* cheetah.mp4 in Resources */,
				290DE4122647FBF40040FCAA /* lion.mp4 in Resources */,
				290DE41A2647FBF40040FCAA /* hippo.mp4 in Resources */,
				290DE4162647FBF40040FCAA /* gorilla.mp4 in Resources */,
				290DE4152647FBF40040FCAA /* elephant.mp4 in Resources */,
				290DE4252647FC0A0040FCAA /* animals.json in Resources */,
				290DE3DC2647F9E50040FCAA /* Assets.xcassets in Resources */,
				290DE4242647FC0A0040FCAA /* covers.json in Resources */,
				290DE4112647FBF40040FCAA /* lioness.mp4 in Resources */,
				290DE4182647FBF40040FCAA /* ostrich.mp4 in Resources */,
				290DE4192647FBF40040FCAA /* rhino.mp4 in Resources */,
				290DE4172647FBF40040FCAA /* giraffe.mp4 in Resources */,
			);
			runOnlyForDeploymentPostprocessing = 0;
		};
		290DE3E32647F9E50040FCAA /* Resources */ = {
			isa = PBXResourcesBuildPhase;
			buildActionMask = 2147483647;
			files = (
			);
			runOnlyForDeploymentPostprocessing = 0;
		};
		290DE3EE2647F9E50040FCAA /* Resources */ = {
			isa = PBXResourcesBuildPhase;
			buildActionMask = 2147483647;
			files = (
			);
			runOnlyForDeploymentPostprocessing = 0;
		};
/* End PBXResourcesBuildPhase section */

/* Begin PBXSourcesBuildPhase section */
		290DE3D02647F9E30040FCAA /* Sources */ = {
			isa = PBXSourcesBuildPhase;
			buildActionMask = 2147483647;
			files = (
				2916A786264946B4000CD527 /* AnimalListView.swift in Sources */,
				290DE3DA2647F9E30040FCAA /* ContentView.swift in Sources */,
				290DE4412647FFD20040FCAA /* MainView.swift in Sources */,
				2941AAC2264852200012BCD2 /* CoverImageView.swift in Sources */,
				2941AAC8264855180012BCD2 /* CoverImageModel.swift in Sources */,
				29F51B792649A99100599B90 /* AnimalDetailView.swift in Sources */,
				2916A78B26494926000CD527 /* AnimalModel.swift in Sources */,
				290DE3D82647F9E30040FCAA /* AfricaApp.swift in Sources */,
				290DE43C2647FFB60040FCAA /* MapView.swift in Sources */,
				290DE4322647FF880040FCAA /* VideoListView.swift in Sources */,
				2941AACE264856FE0012BCD2 /* CodableBundleExtension.swift in Sources */,
				29F51B832649B01700599B90 /* InsetGalleryView.swift in Sources */,
				290DE4372647FF9F0040FCAA /* GalleryView.swift in Sources */,
				29F51B7E2649ADDB00599B90 /* HeadingView.swift in Sources */,
			);
			runOnlyForDeploymentPostprocessing = 0;
		};
		290DE3E12647F9E50040FCAA /* Sources */ = {
			isa = PBXSourcesBuildPhase;
			buildActionMask = 2147483647;
			files = (
				290DE3EA2647F9E50040FCAA /* AfricaTests.swift in Sources */,
			);
			runOnlyForDeploymentPostprocessing = 0;
		};
		290DE3EC2647F9E50040FCAA /* Sources */ = {
			isa = PBXSourcesBuildPhase;
			buildActionMask = 2147483647;
			files = (
				290DE3F52647F9E50040FCAA /* AfricaUITests.swift in Sources */,
			);
			runOnlyForDeploymentPostprocessing = 0;
		};
/* End PBXSourcesBuildPhase section */

/* Begin PBXTargetDependency section */
		290DE3E72647F9E50040FCAA /* PBXTargetDependency */ = {
			isa = PBXTargetDependency;
			target = 290DE3D32647F9E30040FCAA /* Africa */;
			targetProxy = 290DE3E62647F9E50040FCAA /* PBXContainerItemProxy */;
		};
		290DE3F22647F9E50040FCAA /* PBXTargetDependency */ = {
			isa = PBXTargetDependency;
			target = 290DE3D32647F9E30040FCAA /* Africa */;
			targetProxy = 290DE3F12647F9E50040FCAA /* PBXContainerItemProxy */;
		};
/* End PBXTargetDependency section */

/* Begin XCBuildConfiguration section */
		290DE3F72647F9E50040FCAA /* Debug */ = {
			isa = XCBuildConfiguration;
			buildSettings = {
				ALWAYS_SEARCH_USER_PATHS = NO;
				CLANG_ANALYZER_NONNULL = YES;
				CLANG_ANALYZER_NUMBER_OBJECT_CONVERSION = YES_AGGRESSIVE;
				CLANG_CXX_LANGUAGE_STANDARD = "gnu++14";
				CLANG_CXX_LIBRARY = "libc++";
				CLANG_ENABLE_MODULES = YES;
				CLANG_ENABLE_OBJC_ARC = YES;
				CLANG_ENABLE_OBJC_WEAK = YES;
				CLANG_WARN_BLOCK_CAPTURE_AUTORELEASING = YES;
				CLANG_WARN_BOOL_CONVERSION = YES;
				CLANG_WARN_COMMA = YES;
				CLANG_WARN_CONSTANT_CONVERSION = YES;
				CLANG_WARN_DEPRECATED_OBJC_IMPLEMENTATIONS = YES;
				CLANG_WARN_DIRECT_OBJC_ISA_USAGE = YES_ERROR;
				CLANG_WARN_DOCUMENTATION_COMMENTS = YES;
				CLANG_WARN_EMPTY_BODY = YES;
				CLANG_WARN_ENUM_CONVERSION = YES;
				CLANG_WARN_INFINITE_RECURSION = YES;
				CLANG_WARN_INT_CONVERSION = YES;
				CLANG_WARN_NON_LITERAL_NULL_CONVERSION = YES;
				CLANG_WARN_OBJC_IMPLICIT_RETAIN_SELF = YES;
				CLANG_WARN_OBJC_LITERAL_CONVERSION = YES;
				CLANG_WARN_OBJC_ROOT_CLASS = YES_ERROR;
				CLANG_WARN_QUOTED_INCLUDE_IN_FRAMEWORK_HEADER = YES;
				CLANG_WARN_RANGE_LOOP_ANALYSIS = YES;
				CLANG_WARN_STRICT_PROTOTYPES = YES;
				CLANG_WARN_SUSPICIOUS_MOVE = YES;
				CLANG_WARN_UNGUARDED_AVAILABILITY = YES_AGGRESSIVE;
				CLANG_WARN_UNREACHABLE_CODE = YES;
				CLANG_WARN__DUPLICATE_METHOD_MATCH = YES;
				COPY_PHASE_STRIP = NO;
				DEBUG_INFORMATION_FORMAT = dwarf;
				ENABLE_STRICT_OBJC_MSGSEND = YES;
				ENABLE_TESTABILITY = YES;
				GCC_C_LANGUAGE_STANDARD = gnu11;
				GCC_DYNAMIC_NO_PIC = NO;
				GCC_NO_COMMON_BLOCKS = YES;
				GCC_OPTIMIZATION_LEVEL = 0;
				GCC_PREPROCESSOR_DEFINITIONS = (
					"DEBUG=1",
					"$(inherited)",
				);
				GCC_WARN_64_TO_32_BIT_CONVERSION = YES;
				GCC_WARN_ABOUT_RETURN_TYPE = YES_ERROR;
				GCC_WARN_UNDECLARED_SELECTOR = YES;
				GCC_WARN_UNINITIALIZED_AUTOS = YES_AGGRESSIVE;
				GCC_WARN_UNUSED_FUNCTION = YES;
				GCC_WARN_UNUSED_VARIABLE = YES;
				IPHONEOS_DEPLOYMENT_TARGET = 14.4;
				MTL_ENABLE_DEBUG_INFO = INCLUDE_SOURCE;
				MTL_FAST_MATH = YES;
				ONLY_ACTIVE_ARCH = YES;
				SDKROOT = iphoneos;
				SWIFT_ACTIVE_COMPILATION_CONDITIONS = DEBUG;
				SWIFT_OPTIMIZATION_LEVEL = "-Onone";
			};
			name = Debug;
		};
		290DE3F82647F9E50040FCAA /* Release */ = {
			isa = XCBuildConfiguration;
			buildSettings = {
				ALWAYS_SEARCH_USER_PATHS = NO;
				CLANG_ANALYZER_NONNULL = YES;
				CLANG_ANALYZER_NUMBER_OBJECT_CONVERSION = YES_AGGRESSIVE;
				CLANG_CXX_LANGUAGE_STANDARD = "gnu++14";
				CLANG_CXX_LIBRARY = "libc++";
				CLANG_ENABLE_MODULES = YES;
				CLANG_ENABLE_OBJC_ARC = YES;
				CLANG_ENABLE_OBJC_WEAK = YES;
				CLANG_WARN_BLOCK_CAPTURE_AUTORELEASING = YES;
				CLANG_WARN_BOOL_CONVERSION = YES;
				CLANG_WARN_COMMA = YES;
				CLANG_WARN_CONSTANT_CONVERSION = YES;
				CLANG_WARN_DEPRECATED_OBJC_IMPLEMENTATIONS = YES;
				CLANG_WARN_DIRECT_OBJC_ISA_USAGE = YES_ERROR;
				CLANG_WARN_DOCUMENTATION_COMMENTS = YES;
				CLANG_WARN_EMPTY_BODY = YES;
				CLANG_WARN_ENUM_CONVERSION = YES;
				CLANG_WARN_INFINITE_RECURSION = YES;
				CLANG_WARN_INT_CONVERSION = YES;
				CLANG_WARN_NON_LITERAL_NULL_CONVERSION = YES;
				CLANG_WARN_OBJC_IMPLICIT_RETAIN_SELF = YES;
				CLANG_WARN_OBJC_LITERAL_CONVERSION = YES;
				CLANG_WARN_OBJC_ROOT_CLASS = YES_ERROR;
				CLANG_WARN_QUOTED_INCLUDE_IN_FRAMEWORK_HEADER = YES;
				CLANG_WARN_RANGE_LOOP_ANALYSIS = YES;
				CLANG_WARN_STRICT_PROTOTYPES = YES;
				CLANG_WARN_SUSPICIOUS_MOVE = YES;
				CLANG_WARN_UNGUARDED_AVAILABILITY = YES_AGGRESSIVE;
				CLANG_WARN_UNREACHABLE_CODE = YES;
				CLANG_WARN__DUPLICATE_METHOD_MATCH = YES;
				COPY_PHASE_STRIP = NO;
				DEBUG_INFORMATION_FORMAT = "dwarf-with-dsym";
				ENABLE_NS_ASSERTIONS = NO;
				ENABLE_STRICT_OBJC_MSGSEND = YES;
				GCC_C_LANGUAGE_STANDARD = gnu11;
				GCC_NO_COMMON_BLOCKS = YES;
				GCC_WARN_64_TO_32_BIT_CONVERSION = YES;
				GCC_WARN_ABOUT_RETURN_TYPE = YES_ERROR;
				GCC_WARN_UNDECLARED_SELECTOR = YES;
				GCC_WARN_UNINITIALIZED_AUTOS = YES_AGGRESSIVE;
				GCC_WARN_UNUSED_FUNCTION = YES;
				GCC_WARN_UNUSED_VARIABLE = YES;
				IPHONEOS_DEPLOYMENT_TARGET = 14.4;
				MTL_ENABLE_DEBUG_INFO = NO;
				MTL_FAST_MATH = YES;
				SDKROOT = iphoneos;
				SWIFT_COMPILATION_MODE = wholemodule;
				SWIFT_OPTIMIZATION_LEVEL = "-O";
				VALIDATE_PRODUCT = YES;
			};
			name = Release;
		};
		290DE3FA2647F9E50040FCAA /* Debug */ = {
			isa = XCBuildConfiguration;
			buildSettings = {
				ASSETCATALOG_COMPILER_APPICON_NAME = AppIcon;
				ASSETCATALOG_COMPILER_GLOBAL_ACCENT_COLOR_NAME = AccentColor;
				CODE_SIGN_STYLE = Automatic;
				DEVELOPMENT_ASSET_PATHS = "\"Africa/Preview Content\"";
				DEVELOPMENT_TEAM = H26TPV8SK4;
				ENABLE_PREVIEWS = YES;
				INFOPLIST_FILE = Africa/Info.plist;
				IPHONEOS_DEPLOYMENT_TARGET = 14.0;
				LD_RUNPATH_SEARCH_PATHS = (
					"$(inherited)",
					"@executable_path/Frameworks",
				);
				PRODUCT_BUNDLE_IDENTIFIER = com.africa.app.Africa;
				PRODUCT_NAME = "$(TARGET_NAME)";
				SWIFT_VERSION = 5.0;
				TARGETED_DEVICE_FAMILY = "1,2";
			};
			name = Debug;
		};
		290DE3FB2647F9E50040FCAA /* Release */ = {
			isa = XCBuildConfiguration;
			buildSettings = {
				ASSETCATALOG_COMPILER_APPICON_NAME = AppIcon;
				ASSETCATALOG_COMPILER_GLOBAL_ACCENT_COLOR_NAME = AccentColor;
				CODE_SIGN_STYLE = Automatic;
				DEVELOPMENT_ASSET_PATHS = "\"Africa/Preview Content\"";
				DEVELOPMENT_TEAM = H26TPV8SK4;
				ENABLE_PREVIEWS = YES;
				INFOPLIST_FILE = Africa/Info.plist;
				IPHONEOS_DEPLOYMENT_TARGET = 14.0;
				LD_RUNPATH_SEARCH_PATHS = (
					"$(inherited)",
					"@executable_path/Frameworks",
				);
				PRODUCT_BUNDLE_IDENTIFIER = com.africa.app.Africa;
				PRODUCT_NAME = "$(TARGET_NAME)";
				SWIFT_VERSION = 5.0;
				TARGETED_DEVICE_FAMILY = "1,2";
			};
			name = Release;
		};
		290DE3FD2647F9E50040FCAA /* Debug */ = {
			isa = XCBuildConfiguration;
			buildSettings = {
				ALWAYS_EMBED_SWIFT_STANDARD_LIBRARIES = YES;
				BUNDLE_LOADER = "$(TEST_HOST)";
				CODE_SIGN_STYLE = Automatic;
				INFOPLIST_FILE = AfricaTests/Info.plist;
				IPHONEOS_DEPLOYMENT_TARGET = 14.0;
				LD_RUNPATH_SEARCH_PATHS = (
					"$(inherited)",
					"@executable_path/Frameworks",
					"@loader_path/Frameworks",
				);
				PRODUCT_BUNDLE_IDENTIFIER = com.africa.app.AfricaTests;
				PRODUCT_NAME = "$(TARGET_NAME)";
				SWIFT_VERSION = 5.0;
				TARGETED_DEVICE_FAMILY = "1,2";
				TEST_HOST = "$(BUILT_PRODUCTS_DIR)/Africa.app/Africa";
			};
			name = Debug;
		};
		290DE3FE2647F9E50040FCAA /* Release */ = {
			isa = XCBuildConfiguration;
			buildSettings = {
				ALWAYS_EMBED_SWIFT_STANDARD_LIBRARIES = YES;
				BUNDLE_LOADER = "$(TEST_HOST)";
				CODE_SIGN_STYLE = Automatic;
				INFOPLIST_FILE = AfricaTests/Info.plist;
				IPHONEOS_DEPLOYMENT_TARGET = 14.0;
				LD_RUNPATH_SEARCH_PATHS = (
					"$(inherited)",
					"@executable_path/Frameworks",
					"@loader_path/Frameworks",
				);
				PRODUCT_BUNDLE_IDENTIFIER = com.africa.app.AfricaTests;
				PRODUCT_NAME = "$(TARGET_NAME)";
				SWIFT_VERSION = 5.0;
				TARGETED_DEVICE_FAMILY = "1,2";
				TEST_HOST = "$(BUILT_PRODUCTS_DIR)/Africa.app/Africa";
			};
			name = Release;
		};
		290DE4002647F9E50040FCAA /* Debug */ = {
			isa = XCBuildConfiguration;
			buildSettings = {
				ALWAYS_EMBED_SWIFT_STANDARD_LIBRARIES = YES;
				CODE_SIGN_STYLE = Automatic;
				INFOPLIST_FILE = AfricaUITests/Info.plist;
				LD_RUNPATH_SEARCH_PATHS = (
					"$(inherited)",
					"@executable_path/Frameworks",
					"@loader_path/Frameworks",
				);
				PRODUCT_BUNDLE_IDENTIFIER = com.africa.app.AfricaUITests;
				PRODUCT_NAME = "$(TARGET_NAME)";
				SWIFT_VERSION = 5.0;
				TARGETED_DEVICE_FAMILY = "1,2";
				TEST_TARGET_NAME = Africa;
			};
			name = Debug;
		};
		290DE4012647F9E50040FCAA /* Release */ = {
			isa = XCBuildConfiguration;
			buildSettings = {
				ALWAYS_EMBED_SWIFT_STANDARD_LIBRARIES = YES;
				CODE_SIGN_STYLE = Automatic;
				INFOPLIST_FILE = AfricaUITests/Info.plist;
				LD_RUNPATH_SEARCH_PATHS = (
					"$(inherited)",
					"@executable_path/Frameworks",
					"@loader_path/Frameworks",
				);
				PRODUCT_BUNDLE_IDENTIFIER = com.africa.app.AfricaUITests;
				PRODUCT_NAME = "$(TARGET_NAME)";
				SWIFT_VERSION = 5.0;
				TARGETED_DEVICE_FAMILY = "1,2";
				TEST_TARGET_NAME = Africa;
			};
			name = Release;
		};
/* End XCBuildConfiguration section */

/* Begin XCConfigurationList section */
		290DE3CF2647F9E30040FCAA /* Build configuration list for PBXProject "Africa" */ = {
			isa = XCConfigurationList;
			buildConfigurations = (
				290DE3F72647F9E50040FCAA /* Debug */,
				290DE3F82647F9E50040FCAA /* Release */,
			);
			defaultConfigurationIsVisible = 0;
			defaultConfigurationName = Release;
		};
		290DE3F92647F9E50040FCAA /* Build configuration list for PBXNativeTarget "Africa" */ = {
			isa = XCConfigurationList;
			buildConfigurations = (
				290DE3FA2647F9E50040FCAA /* Debug */,
				290DE3FB2647F9E50040FCAA /* Release */,
			);
			defaultConfigurationIsVisible = 0;
			defaultConfigurationName = Release;
		};
		290DE3FC2647F9E50040FCAA /* Build configuration list for PBXNativeTarget "AfricaTests" */ = {
			isa = XCConfigurationList;
			buildConfigurations = (
				290DE3FD2647F9E50040FCAA /* Debug */,
				290DE3FE2647F9E50040FCAA /* Release */,
			);
			defaultConfigurationIsVisible = 0;
			defaultConfigurationName = Release;
		};
		290DE3FF2647F9E50040FCAA /* Build configuration list for PBXNativeTarget "AfricaUITests" */ = {
			isa = XCConfigurationList;
			buildConfigurations = (
				290DE4002647F9E50040FCAA /* Debug */,
				290DE4012647F9E50040FCAA /* Release */,
			);
			defaultConfigurationIsVisible = 0;
			defaultConfigurationName = Release;
		};
/* End XCConfigurationList section */
	};
	rootObject = 290DE3CC2647F9E30040FCAA /* Project object */;
}
